
Microsoft Visual Studio Solution File, Format Version 12.00
# Visual Studio Version 17
VisualStudioVersion = 17.3.32819.101
MinimumVisualStudioVersion = 10.0.40219.1
Project("{FAE04EC0-301F-11D3-BF4B-00C04F79EFBC}") = "S5_MVC_T2104E_DuongVT", "S5_MVC_T2104E_DuongVT\S5_MVC_T2104E_DuongVT.csproj", "{D471373D-871D-4E18-9CA9-D9AA09E22B5F}"
EndProject
Global
	GlobalSection(SolutionConfigurationPlatforms) = preSolution
		Debug|Any CPU = Debug|Any CPU
		Release|Any CPU = Release|Any CPU
	EndGlobalSection
	GlobalSection(ProjectConfigurationPlatforms) = postSolution
		{D471373D-871D-4E18-9CA9-D9AA09E22B5F}.Debug|Any CPU.ActiveCfg = Debug|Any CPU
		{D471373D-871D-4E18-9CA9-D9AA09E22B5F}.Debug|Any CPU.Build.0 = Debug|Any CPU
		{D471373D-871D-4E18-9CA9-D9AA09E22B5F}.Release|Any CPU.ActiveCfg = Release|Any CPU
		{D471373D-871D-4E18-9CA9-D9AA09E22B5F}.Release|Any CPU.Build.0 = Release|Any CPU
	EndGlobalSection
	GlobalSection(SolutionProperties) = preSolution
		HideSolutionNode = FALSE
	EndGlobalSection
	GlobalSection(ExtensibilityGlobals) = postSolution
		SolutionGuid = {EB6D161C-93F8-4F75-876C-6BC3360F8F9E}
	EndGlobalSection
EndGlobal
