
Microsoft Visual Studio Solution File, Format Version 12.00
# Visual Studio Version 17
VisualStudioVersion = 17.3.32819.101
MinimumVisualStudioVersion = 10.0.40219.1
Project("{FAE04EC0-301F-11D3-BF4B-00C04F79EFBC}") = "Practice", "Practice\Practice.csproj", "{3D44C186-B6C1-42C1-9CB3-F1B51F5DC51B}"
EndProject
Global
	GlobalSection(SolutionConfigurationPlatforms) = preSolution
		Debug|Any CPU = Debug|Any CPU
		Release|Any CPU = Release|Any CPU
	EndGlobalSection
	GlobalSection(ProjectConfigurationPlatforms) = postSolution
		{3D44C186-B6C1-42C1-9CB3-F1B51F5DC51B}.Debug|Any CPU.ActiveCfg = Debug|Any CPU
		{3D44C186-B6C1-42C1-9CB3-F1B51F5DC51B}.Debug|Any CPU.Build.0 = Debug|Any CPU
		{3D44C186-B6C1-42C1-9CB3-F1B51F5DC51B}.Release|Any CPU.ActiveCfg = Release|Any CPU
		{3D44C186-B6C1-42C1-9CB3-F1B51F5DC51B}.Release|Any CPU.Build.0 = Release|Any CPU
	EndGlobalSection
	GlobalSection(SolutionProperties) = preSolution
		HideSolutionNode = FALSE
	EndGlobalSection
	GlobalSection(ExtensibilityGlobals) = postSolution
		SolutionGuid = {40FC9AD5-19E9-4E0C-9164-68D98DA4A853}
	EndGlobalSection
EndGlobal
