
Microsoft Visual Studio Solution File, Format Version 12.00
# Visual Studio Version 17
VisualStudioVersion = 17.3.32819.101
MinimumVisualStudioVersion = 10.0.40219.1
Project("{FAE04EC0-301F-11D3-BF4B-00C04F79EFBC}") = "S3_P1_T2104E_DuongVT", "S3_P1_T2104E_DuongVT\S3_P1_T2104E_DuongVT.csproj", "{2A6E8B35-F589-41D6-9971-A88EAA554933}"
EndProject
Global
	GlobalSection(SolutionConfigurationPlatforms) = preSolution
		Debug|Any CPU = Debug|Any CPU
		Release|Any CPU = Release|Any CPU
	EndGlobalSection
	GlobalSection(ProjectConfigurationPlatforms) = postSolution
		{2A6E8B35-F589-41D6-9971-A88EAA554933}.Debug|Any CPU.ActiveCfg = Debug|Any CPU
		{2A6E8B35-F589-41D6-9971-A88EAA554933}.Debug|Any CPU.Build.0 = Debug|Any CPU
		{2A6E8B35-F589-41D6-9971-A88EAA554933}.Release|Any CPU.ActiveCfg = Release|Any CPU
		{2A6E8B35-F589-41D6-9971-A88EAA554933}.Release|Any CPU.Build.0 = Release|Any CPU
	EndGlobalSection
	GlobalSection(SolutionProperties) = preSolution
		HideSolutionNode = FALSE
	EndGlobalSection
	GlobalSection(ExtensibilityGlobals) = postSolution
		SolutionGuid = {3F3A9F6A-1C2F-4CC8-8107-86E68C31CAC4}
	EndGlobalSection
EndGlobal
